
Microsoft Visual Studio Solution File, Format Version 12.00
# Visual Studio Version 17
VisualStudioVersion = 17.11.35312.102
MinimumVisualStudioVersion = 10.0.40219.1
Project("{9A19103F-16F7-4668-BE54-9A1E7A4F7556}") = "дз из файла Боронин Никита 9-421 ПМ", "дз из файла Боронин Никита 9-421 ПМ.csproj", "{BBA2D93B-BBFF-41A1-BF42-45EC2FA6CC66}"
EndProject
Project("{FAE04EC0-301F-11D3-BF4B-00C04F79EFBC}") = "Tumakov_laba_Boronin_421", "..\Tumakov_laba_Boronin_421\Tumakov_laba_Boronin_421.csproj", "{01908752-A5F2-4C9F-9D67-0707EF941242}"
EndProject
Global
	GlobalSection(SolutionConfigurationPlatforms) = preSolution
		Debug|Any CPU = Debug|Any CPU
		Release|Any CPU = Release|Any CPU
	EndGlobalSection
	GlobalSection(ProjectConfigurationPlatforms) = postSolution
		{BBA2D93B-BBFF-41A1-BF42-45EC2FA6CC66}.Debug|Any CPU.ActiveCfg = Debug|Any CPU
		{BBA2D93B-BBFF-41A1-BF42-45EC2FA6CC66}.Debug|Any CPU.Build.0 = Debug|Any CPU
		{BBA2D93B-BBFF-41A1-BF42-45EC2FA6CC66}.Release|Any CPU.ActiveCfg = Release|Any CPU
		{BBA2D93B-BBFF-41A1-BF42-45EC2FA6CC66}.Release|Any CPU.Build.0 = Release|Any CPU
		{01908752-A5F2-4C9F-9D67-0707EF941242}.Debug|Any CPU.ActiveCfg = Debug|Any CPU
		{01908752-A5F2-4C9F-9D67-0707EF941242}.Debug|Any CPU.Build.0 = Debug|Any CPU
		{01908752-A5F2-4C9F-9D67-0707EF941242}.Release|Any CPU.ActiveCfg = Release|Any CPU
		{01908752-A5F2-4C9F-9D67-0707EF941242}.Release|Any CPU.Build.0 = Release|Any CPU
	EndGlobalSection
	GlobalSection(SolutionProperties) = preSolution
		HideSolutionNode = FALSE
	EndGlobalSection
	GlobalSection(ExtensibilityGlobals) = postSolution
		SolutionGuid = {25E4BED2-34D8-417E-8CB1-0907B5364C6B}
	EndGlobalSection
EndGlobal
